
Microsoft Visual Studio Solution File, Format Version 12.00
# Visual Studio Version 16
VisualStudioVersion = 16.0.31321.278
MinimumVisualStudioVersion = 10.0.40219.1
Project("{FAE04EC0-301F-11D3-BF4B-00C04F79EFBC}") = "CAD_Modeler", "CAD_Modeler\CAD_Modeler.csproj", "{1A09AF34-D56D-479D-B53E-F345E0FA1B96}"
EndProject
Global
	GlobalSection(SolutionConfigurationPlatforms) = preSolution
		Debug|Any CPU = Debug|Any CPU
		Release|Any CPU = Release|Any CPU
	EndGlobalSection
	GlobalSection(ProjectConfigurationPlatforms) = postSolution
		{1A09AF34-D56D-479D-B53E-F345E0FA1B96}.Debug|Any CPU.ActiveCfg = Debug|Any CPU
		{1A09AF34-D56D-479D-B53E-F345E0FA1B96}.Debug|Any CPU.Build.0 = Debug|Any CPU
		{1A09AF34-D56D-479D-B53E-F345E0FA1B96}.Release|Any CPU.ActiveCfg = Release|Any CPU
		{1A09AF34-D56D-479D-B53E-F345E0FA1B96}.Release|Any CPU.Build.0 = Release|Any CPU
	EndGlobalSection
	GlobalSection(SolutionProperties) = preSolution
		HideSolutionNode = FALSE
	EndGlobalSection
	GlobalSection(ExtensibilityGlobals) = postSolution
		SolutionGuid = {2D6B2671-58CF-4B4C-8FE7-88069A27918A}
	EndGlobalSection
EndGlobal
